
Microsoft Visual Studio Solution File, Format Version 12.00
# Visual Studio Version 16
VisualStudioVersion = 16.0.29709.97
MinimumVisualStudioVersion = 10.0.40219.1
Project("{2150E333-8FDC-42A3-9474-1A3956D46DE8}") = "Framework", "Framework", "{B0570F6C-7AFC-421D-BEFB-91B5B95CF9E1}"
EndProject
Project("{2150E333-8FDC-42A3-9474-1A3956D46DE8}") = "TaxJar", "TaxJar", "{FB9E6EC0-E0B4-494A-9268-E84FABDD3FD1}"
EndProject
Project("{9A19103F-16F7-4668-BE54-9A1E7A4F7556}") = "Kjaneb.Commerce.Plugin.Tax.Framework", "Framework\Kjaneb.Commerce.Plugin.Tax.Framework.csproj", "{EAB52A6F-C2E0-4834-87F9-6B4567A324F2}"
EndProject
Project("{9A19103F-16F7-4668-BE54-9A1E7A4F7556}") = "Kjaneb.Commerce.Plugin.Tax.TaxJar", "TaxJar\Kjaneb.Commerce.Plugin.Tax.TaxJar.csproj", "{18F33C6A-D273-4E3B-AF17-2153F7A67271}"
EndProject
Global
	GlobalSection(SolutionConfigurationPlatforms) = preSolution
		Debug|Any CPU = Debug|Any CPU
		Release|Any CPU = Release|Any CPU
	EndGlobalSection
	GlobalSection(ProjectConfigurationPlatforms) = postSolution
		{EAB52A6F-C2E0-4834-87F9-6B4567A324F2}.Debug|Any CPU.ActiveCfg = Debug|Any CPU
		{EAB52A6F-C2E0-4834-87F9-6B4567A324F2}.Debug|Any CPU.Build.0 = Debug|Any CPU
		{EAB52A6F-C2E0-4834-87F9-6B4567A324F2}.Release|Any CPU.ActiveCfg = Release|Any CPU
		{EAB52A6F-C2E0-4834-87F9-6B4567A324F2}.Release|Any CPU.Build.0 = Release|Any CPU
		{18F33C6A-D273-4E3B-AF17-2153F7A67271}.Debug|Any CPU.ActiveCfg = Debug|Any CPU
		{18F33C6A-D273-4E3B-AF17-2153F7A67271}.Debug|Any CPU.Build.0 = Debug|Any CPU
		{18F33C6A-D273-4E3B-AF17-2153F7A67271}.Release|Any CPU.ActiveCfg = Release|Any CPU
		{18F33C6A-D273-4E3B-AF17-2153F7A67271}.Release|Any CPU.Build.0 = Release|Any CPU
	EndGlobalSection
	GlobalSection(SolutionProperties) = preSolution
		HideSolutionNode = FALSE
	EndGlobalSection
	GlobalSection(NestedProjects) = preSolution
		{EAB52A6F-C2E0-4834-87F9-6B4567A324F2} = {B0570F6C-7AFC-421D-BEFB-91B5B95CF9E1}
		{18F33C6A-D273-4E3B-AF17-2153F7A67271} = {FB9E6EC0-E0B4-494A-9268-E84FABDD3FD1}
	EndGlobalSection
	GlobalSection(ExtensibilityGlobals) = postSolution
		SolutionGuid = {DB80325C-FC64-4973-B1BB-B5E0FC879E02}
	EndGlobalSection
EndGlobal
